// !$*UTF8*$!
{
	archiveVersion = 1;
	classes = {
	};
	objectVersion = 50;
	objects = {

/* Begin PBXBuildFile section */
		3D11E85F20BE966F006E61CF /* AppDelegate.m in Sources */ = {isa = PBXBuildFile; fileRef = 3D11E85E20BE966F006E61CF /* AppDelegate.m */; };
		3D11E86220BE966F006E61CF /* ViewController.m in Sources */ = {isa = PBXBuildFile; fileRef = 3D11E86120BE966F006E61CF /* ViewController.m */; };
		3D11E86520BE966F006E61CF /* Main.storyboard in Resources */ = {isa = PBXBuildFile; fileRef = 3D11E86320BE966F006E61CF /* Main.storyboard */; };
		3D11E86720BE9671006E61CF /* Assets.xcassets in Resources */ = {isa = PBXBuildFile; fileRef = 3D11E86620BE9671006E61CF /* Assets.xcassets */; };
		3D11E86A20BE9671006E61CF /* LaunchScreen.storyboard in Resources */ = {isa = PBXBuildFile; fileRef = 3D11E86820BE9671006E61CF /* LaunchScreen.storyboard */; };
		3D11E86D20BE9671006E61CF /* main.m in Sources */ = {isa = PBXBuildFile; fileRef = 3D11E86C20BE9671006E61CF /* main.m */; };
		3D11E87720BE9672006E61CF /* UIStackViewTests.m in Sources */ = {isa = PBXBuildFile; fileRef = 3D11E87620BE9672006E61CF /* UIStackViewTests.m */; };
		3D11E88220BE9672006E61CF /* UIStackViewUITests.m in Sources */ = {isa = PBXBuildFile; fileRef = 3D11E88120BE9672006E61CF /* UIStackViewUITests.m */; };
/* End PBXBuildFile section */

/* Begin PBXContainerItemProxy section */
		3D11E87320BE9672006E61CF /* PBXContainerItemProxy */ = {
			isa = PBXContainerItemProxy;
			containerPortal = 3D11E85220BE966F006E61CF /* Project object */;
			proxyType = 1;
			remoteGlobalIDString = 3D11E85920BE966F006E61CF;
			remoteInfo = UIStackView;
		};
		3D11E87E20BE9672006E61CF /* PBXContainerItemProxy */ = {
			isa = PBXContainerItemProxy;
			containerPortal = 3D11E85220BE966F006E61CF /* Project object */;
			proxyType = 1;
			remoteGlobalIDString = 3D11E85920BE966F006E61CF;
			remoteInfo = UIStackView;
		};
/* End PBXContainerItemProxy section */

/* Begin PBXFileReference section */
		3D11E85A20BE966F006E61CF /* UIStackView.app */ = {isa = PBXFileReference; explicitFileType = wrapper.application; includeInIndex = 0; path = UIStackView.app; sourceTree = BUILT_PRODUCTS_DIR; };
		3D11E85D20BE966F006E61CF /* AppDelegate.h */ = {isa = PBXFileReference; lastKnownFileType = sourcecode.c.h; path = AppDelegate.h; sourceTree = "<group>"; };
		3D11E85E20BE966F006E61CF /* AppDelegate.m */ = {isa = PBXFileReference; lastKnownFileType = sourcecode.c.objc; path = AppDelegate.m; sourceTree = "<group>"; };
		3D11E86020BE966F006E61CF /* ViewController.h */ = {isa = PBXFileReference; lastKnownFileType = sourcecode.c.h; path = ViewController.h; sourceTree = "<group>"; };
		3D11E86120BE966F006E61CF /* ViewController.m */ = {isa = PBXFileReference; lastKnownFileType = sourcecode.c.objc; path = ViewController.m; sourceTree = "<group>"; };
		3D11E86420BE966F006E61CF /* Base */ = {isa = PBXFileReference; lastKnownFileType = file.storyboard; name = Base; path = Base.lproj/Main.storyboard; sourceTree = "<group>"; };
		3D11E86620BE9671006E61CF /* Assets.xcassets */ = {isa = PBXFileReference; lastKnownFileType = folder.assetcatalog; path = Assets.xcassets; sourceTree = "<group>"; };
		3D11E86920BE9671006E61CF /* Base */ = {isa = PBXFileReference; lastKnownFileType = file.storyboard; name = Base; path = Base.lproj/LaunchScreen.storyboard; sourceTree = "<group>"; };
		3D11E86B20BE9671006E61CF /* Info.plist */ = {isa = PBXFileReference; lastKnownFileType = text.plist.xml; path = Info.plist; sourceTree = "<group>"; };
		3D11E86C20BE9671006E61CF /* main.m */ = {isa = PBXFileReference; lastKnownFileType = sourcecode.c.objc; path = main.m; sourceTree = "<group>"; };
		3D11E87220BE9672006E61CF /* UIStackViewTests.xctest */ = {isa = PBXFileReference; explicitFileType = wrapper.cfbundle; includeInIndex = 0; path = UIStackViewTests.xctest; sourceTree = BUILT_PRODUCTS_DIR; };
		3D11E87620BE9672006E61CF /* UIStackViewTests.m */ = {isa = PBXFileReference; lastKnownFileType = sourcecode.c.objc; path = UIStackViewTests.m; sourceTree = "<group>"; };
		3D11E87820BE9672006E61CF /* Info.plist */ = {isa = PBXFileReference; lastKnownFileType = text.plist.xml; path = Info.plist; sourceTree = "<group>"; };
		3D11E87D20BE9672006E61CF /* UIStackViewUITests.xctest */ = {isa = PBXFileReference; explicitFileType = wrapper.cfbundle; includeInIndex = 0; path = UIStackViewUITests.xctest; sourceTree = BUILT_PRODUCTS_DIR; };
		3D11E88120BE9672006E61CF /* UIStackViewUITests.m */ = {isa = PBXFileReference; lastKnownFileType = sourcecode.c.objc; path = UIStackViewUITests.m; sourceTree = "<group>"; };
		3D11E88320BE9672006E61CF /* Info.plist */ = {isa = PBXFileReference; lastKnownFileType = text.plist.xml; path = Info.plist; sourceTree = "<group>"; };
/* End PBXFileReference section */

/* Begin PBXFrameworksBuildPhase section */
		3D11E85720BE966F006E61CF /* Frameworks */ = {
			isa = PBXFrameworksBuildPhase;
			buildActionMask = 2147483647;
			files = (
			);
			runOnlyForDeploymentPostprocessing = 0;
		};
		3D11E86F20BE9672006E61CF /* Frameworks */ = {
			isa = PBXFrameworksBuildPhase;
			buildActionMask = 2147483647;
			files = (
			);
			runOnlyForDeploymentPostprocessing = 0;
		};
		3D11E87A20BE9672006E61CF /* Frameworks */ = {
			isa = PBXFrameworksBuildPhase;
			buildActionMask = 2147483647;
			files = (
			);
			runOnlyForDeploymentPostprocessing = 0;
		};
/* End PBXFrameworksBuildPhase section */

/* Begin PBXGroup section */
		3D11E85120BE966F006E61CF = {
			isa = PBXGroup;
			children = (
				3D11E85C20BE966F006E61CF /* UIStackView */,
				3D11E87520BE9672006E61CF /* UIStackViewTests */,
				3D11E88020BE9672006E61CF /* UIStackViewUITests */,
				3D11E85B20BE966F006E61CF /* Products */,
			);
			sourceTree = "<group>";
		};
		3D11E85B20BE966F006E61CF /* Products */ = {
			isa = PBXGroup;
			children = (
				3D11E85A20BE966F006E61CF /* UIStackView.app */,
				3D11E87220BE9672006E61CF /* UIStackViewTests.xctest */,
				3D11E87D20BE9672006E61CF /* UIStackViewUITests.xctest */,
			);
			name = Products;
			sourceTree = "<group>";
		};
		3D11E85C20BE966F006E61CF /* UIStackView */ = {
			isa = PBXGroup;
			children = (
				3D11E85D20BE966F006E61CF /* AppDelegate.h */,
				3D11E85E20BE966F006E61CF /* AppDelegate.m */,
				3D11E86020BE966F006E61CF /* ViewController.h */,
				3D11E86120BE966F006E61CF /* ViewController.m */,
				3D11E86320BE966F006E61CF /* Main.storyboard */,
				3D11E86620BE9671006E61CF /* Assets.xcassets */,
				3D11E86820BE9671006E61CF /* LaunchScreen.storyboard */,
				3D11E86B20BE9671006E61CF /* Info.plist */,
				3D11E86C20BE9671006E61CF /* main.m */,
			);
			path = UIStackView;
			sourceTree = "<group>";
		};
		3D11E87520BE9672006E61CF /* UIStackViewTests */ = {
			isa = PBXGroup;
			children = (
				3D11E87620BE9672006E61CF /* UIStackViewTests.m */,
				3D11E87820BE9672006E61CF /* Info.plist */,
			);
			path = UIStackViewTests;
			sourceTree = "<group>";
		};
		3D11E88020BE9672006E61CF /* UIStackViewUITests */ = {
			isa = PBXGroup;
			children = (
				3D11E88120BE9672006E61CF /* UIStackViewUITests.m */,
				3D11E88320BE9672006E61CF /* Info.plist */,
			);
			path = UIStackViewUITests;
			sourceTree = "<group>";
		};
/* End PBXGroup section */

/* Begin PBXNativeTarget section */
		3D11E85920BE966F006E61CF /* UIStackView */ = {
			isa = PBXNativeTarget;
			buildConfigurationList = 3D11E88620BE9672006E61CF /* Build configuration list for PBXNativeTarget "UIStackView" */;
			buildPhases = (
				3D11E85620BE966F006E61CF /* Sources */,
				3D11E85720BE966F006E61CF /* Frameworks */,
				3D11E85820BE966F006E61CF /* Resources */,
			);
			buildRules = (
			);
			dependencies = (
			);
			name = UIStackView;
			productName = UIStackView;
			productReference = 3D11E85A20BE966F006E61CF /* UIStackView.app */;
			productType = "com.apple.product-type.application";
		};
		3D11E87120BE9672006E61CF /* UIStackViewTests */ = {
			isa = PBXNativeTarget;
			buildConfigurationList = 3D11E88920BE9672006E61CF /* Build configuration list for PBXNativeTarget "UIStackViewTests" */;
			buildPhases = (
				3D11E86E20BE9672006E61CF /* Sources */,
				3D11E86F20BE9672006E61CF /* Frameworks */,
				3D11E87020BE9672006E61CF /* Resources */,
			);
			buildRules = (
			);
			dependencies = (
				3D11E87420BE9672006E61CF /* PBXTargetDependency */,
			);
			name = UIStackViewTests;
			productName = UIStackViewTests;
			productReference = 3D11E87220BE9672006E61CF /* UIStackViewTests.xctest */;
			productType = "com.apple.product-type.bundle.unit-test";
		};
		3D11E87C20BE9672006E61CF /* UIStackViewUITests */ = {
			isa = PBXNativeTarget;
			buildConfigurationList = 3D11E88C20BE9672006E61CF /* Build configuration list for PBXNativeTarget "UIStackViewUITests" */;
			buildPhases = (
				3D11E87920BE9672006E61CF /* Sources */,
				3D11E87A20BE9672006E61CF /* Frameworks */,
				3D11E87B20BE9672006E61CF /* Resources */,
			);
			buildRules = (
			);
			dependencies = (
				3D11E87F20BE9672006E61CF /* PBXTargetDependency */,
			);
			name = UIStackViewUITests;
			productName = UIStackViewUITests;
			productReference = 3D11E87D20BE9672006E61CF /* UIStackViewUITests.xctest */;
			productType = "com.apple.product-type.bundle.ui-testing";
		};
/* End PBXNativeTarget section */

/* Begin PBXProject section */
		3D11E85220BE966F006E61CF /* Project object */ = {
			isa = PBXProject;
			attributes = {
				LastUpgradeCheck = 0930;
				ORGANIZATIONNAME = zhujia;
				TargetAttributes = {
					3D11E85920BE966F006E61CF = {
						CreatedOnToolsVersion = 9.3;
					};
					3D11E87120BE9672006E61CF = {
						CreatedOnToolsVersion = 9.3;
						TestTargetID = 3D11E85920BE966F006E61CF;
					};
					3D11E87C20BE9672006E61CF = {
						CreatedOnToolsVersion = 9.3;
						TestTargetID = 3D11E85920BE966F006E61CF;
					};
				};
			};
			buildConfigurationList = 3D11E85520BE966F006E61CF /* Build configuration list for PBXProject "UIStackView" */;
			compatibilityVersion = "Xcode 9.3";
			developmentRegion = en;
			hasScannedForEncodings = 0;
			knownRegions = (
				en,
				Base,
			);
			mainGroup = 3D11E85120BE966F006E61CF;
			productRefGroup = 3D11E85B20BE966F006E61CF /* Products */;
			projectDirPath = "";
			projectRoot = "";
			targets = (
				3D11E85920BE966F006E61CF /* UIStackView */,
				3D11E87120BE9672006E61CF /* UIStackViewTests */,
				3D11E87C20BE9672006E61CF /* UIStackViewUITests */,
			);
		};
/* End PBXProject section */

/* Begin PBXResourcesBuildPhase section */
		3D11E85820BE966F006E61CF /* Resources */ = {
			isa = PBXResourcesBuildPhase;
			buildActionMask = 2147483647;
			files = (
				3D11E86A20BE9671006E61CF /* LaunchScreen.storyboard in Resources */,
				3D11E86720BE9671006E61CF /* Assets.xcassets in Resources */,
				3D11E86520BE966F006E61CF /* Main.storyboard in Resources */,
			);
			runOnlyForDeploymentPostprocessing = 0;
		};
		3D11E87020BE9672006E61CF /* Resources */ = {
			isa = PBXResourcesBuildPhase;
			buildActionMask = 2147483647;
			files = (
			);
			runOnlyForDeploymentPostprocessing = 0;
		};
		3D11E87B20BE9672006E61CF /* Resources */ = {
			isa = PBXResourcesBuildPhase;
			buildActionMask = 2147483647;
			files = (
			);
			runOnlyForDeploymentPostprocessing = 0;
		};
/* End PBXResourcesBuildPhase section */

/* Begin PBXSourcesBuildPhase section */
		3D11E85620BE966F006E61CF /* Sources */ = {
			isa = PBXSourcesBuildPhase;
			buildActionMask = 2147483647;
			files = (
				3D11E86220BE966F006E61CF /* ViewController.m in Sources */,
				3D11E86D20BE9671006E61CF /* main.m in Sources */,
				3D11E85F20BE966F006E61CF /* AppDelegate.m in Sources */,
			);
			runOnlyForDeploymentPostprocessing = 0;
		};
		3D11E86E20BE9672006E61CF /* Sources */ = {
			isa = PBXSourcesBuildPhase;
			buildActionMask = 2147483647;
			files = (
				3D11E87720BE9672006E61CF /* UIStackViewTests.m in Sources */,
			);
			runOnlyForDeploymentPostprocessing = 0;
		};
		3D11E87920BE9672006E61CF /* Sources */ = {
			isa = PBXSourcesBuildPhase;
			buildActionMask = 2147483647;
			files = (
				3D11E88220BE9672006E61CF /* UIStackViewUITests.m in Sources */,
			);
			runOnlyForDeploymentPostprocessing = 0;
		};
/* End PBXSourcesBuildPhase section */

/* Begin PBXTargetDependency section */
		3D11E87420BE9672006E61CF /* PBXTargetDependency */ = {
			isa = PBXTargetDependency;
			target = 3D11E85920BE966F006E61CF /* UIStackView */;
			targetProxy = 3D11E87320BE9672006E61CF /* PBXContainerItemProxy */;
		};
		3D11E87F20BE9672006E61CF /* PBXTargetDependency */ = {
			isa = PBXTargetDependency;
			target = 3D11E85920BE966F006E61CF /* UIStackView */;
			targetProxy = 3D11E87E20BE9672006E61CF /* PBXContainerItemProxy */;
		};
/* End PBXTargetDependency section */

/* Begin PBXVariantGroup section */
		3D11E86320BE966F006E61CF /* Main.storyboard */ = {
			isa = PBXVariantGroup;
			children = (
				3D11E86420BE966F006E61CF /* Base */,
			);
			name = Main.storyboard;
			sourceTree = "<group>";
		};
		3D11E86820BE9671006E61CF /* LaunchScreen.storyboard */ = {
			isa = PBXVariantGroup;
			children = (
				3D11E86920BE9671006E61CF /* Base */,
			);
			name = LaunchScreen.storyboard;
			sourceTree = "<group>";
		};
/* End PBXVariantGroup section */

/* Begin XCBuildConfiguration section */
		3D11E88420BE9672006E61CF /* Debug */ = {
			isa = XCBuildConfiguration;
			buildSettings = {
				ALWAYS_SEARCH_USER_PATHS = NO;
				CLANG_ANALYZER_NONNULL = YES;
				CLANG_ANALYZER_NUMBER_OBJECT_CONVERSION = YES_AGGRESSIVE;
				CLANG_CXX_LANGUAGE_STANDARD = "gnu++14";
				CLANG_CXX_LIBRARY = "libc++";
				CLANG_ENABLE_MODULES = YES;
				CLANG_ENABLE_OBJC_ARC = YES;
				CLANG_ENABLE_OBJC_WEAK = YES;
				CLANG_WARN_BLOCK_CAPTURE_AUTORELEASING = YES;
				CLANG_WARN_BOOL_CONVERSION = YES;
				CLANG_WARN_COMMA = YES;
				CLANG_WARN_CONSTANT_CONVERSION = YES;
				CLANG_WARN_DEPRECATED_OBJC_IMPLEMENTATIONS = YES;
				CLANG_WARN_DIRECT_OBJC_ISA_USAGE = YES_ERROR;
				CLANG_WARN_DOCUMENTATION_COMMENTS = YES;
				CLANG_WARN_EMPTY_BODY = YES;
				CLANG_WARN_ENUM_CONVERSION = YES;
				CLANG_WARN_INFINITE_RECURSION = YES;
				CLANG_WARN_INT_CONVERSION = YES;
				CLANG_WARN_NON_LITERAL_NULL_CONVERSION = YES;
				CLANG_WARN_OBJC_IMPLICIT_RETAIN_SELF = YES;
				CLANG_WARN_OBJC_LITERAL_CONVERSION = YES;
				CLANG_WARN_OBJC_ROOT_CLASS = YES_ERROR;
				CLANG_WARN_RANGE_LOOP_ANALYSIS = YES;
				CLANG_WARN_STRICT_PROTOTYPES = YES;
				CLANG_WARN_SUSPICIOUS_MOVE = YES;
				CLANG_WARN_UNGUARDED_AVAILABILITY = YES_AGGRESSIVE;
				CLANG_WARN_UNREACHABLE_CODE = YES;
				CLANG_WARN__DUPLICATE_METHOD_MATCH = YES;
				CODE_SIGN_IDENTITY = "iPhone Developer";
				COPY_PHASE_STRIP = NO;
				DEBUG_INFORMATION_FORMAT = dwarf;
				ENABLE_STRICT_OBJC_MSGSEND = YES;
				ENABLE_TESTABILITY = YES;
				GCC_C_LANGUAGE_STANDARD = gnu11;
				GCC_DYNAMIC_NO_PIC = NO;
				GCC_NO_COMMON_BLOCKS = YES;
				GCC_OPTIMIZATION_LEVEL = 0;
				GCC_PREPROCESSOR_DEFINITIONS = (
					"DEBUG=1",
					"$(inherited)",
				);
				GCC_WARN_64_TO_32_BIT_CONVERSION = YES;
				GCC_WARN_ABOUT_RETURN_TYPE = YES_ERROR;
				GCC_WARN_UNDECLARED_SELECTOR = YES;
				GCC_WARN_UNINITIALIZED_AUTOS = YES_AGGRESSIVE;
				GCC_WARN_UNUSED_FUNCTION = YES;
				GCC_WARN_UNUSED_VARIABLE = YES;
				IPHONEOS_DEPLOYMENT_TARGET = 11.3;
				MTL_ENABLE_DEBUG_INFO = YES;
				ONLY_ACTIVE_ARCH = YES;
				SDKROOT = iphoneos;
			};
			name = Debug;
		};
		3D11E88520BE9672006E61CF /* Release */ = {
			isa = XCBuildConfiguration;
			buildSettings = {
				ALWAYS_SEARCH_USER_PATHS = NO;
				CLANG_ANALYZER_NONNULL = YES;
				CLANG_ANALYZER_NUMBER_OBJECT_CONVERSION = YES_AGGRESSIVE;
				CLANG_CXX_LANGUAGE_STANDARD = "gnu++14";
				CLANG_CXX_LIBRARY = "libc++";
				CLANG_ENABLE_MODULES = YES;
				CLANG_ENABLE_OBJC_ARC = YES;
				CLANG_ENABLE_OBJC_WEAK = YES;
				CLANG_WARN_BLOCK_CAPTURE_AUTORELEASING = YES;
				CLANG_WARN_BOOL_CONVERSION = YES;
				CLANG_WARN_COMMA = YES;
				CLANG_WARN_CONSTANT_CONVERSION = YES;
				CLANG_WARN_DEPRECATED_OBJC_IMPLEMENTATIONS = YES;
				CLANG_WARN_DIRECT_OBJC_ISA_USAGE = YES_ERROR;
				CLANG_WARN_DOCUMENTATION_COMMENTS = YES;
				CLANG_WARN_EMPTY_BODY = YES;
				CLANG_WARN_ENUM_CONVERSION = YES;
				CLANG_WARN_INFINITE_RECURSION = YES;
				CLANG_WARN_INT_CONVERSION = YES;
				CLANG_WARN_NON_LITERAL_NULL_CONVERSION = YES;
				CLANG_WARN_OBJC_IMPLICIT_RETAIN_SELF = YES;
				CLANG_WARN_OBJC_LITERAL_CONVERSION = YES;
				CLANG_WARN_OBJC_ROOT_CLASS = YES_ERROR;
				CLANG_WARN_RANGE_LOOP_ANALYSIS = YES;
				CLANG_WARN_STRICT_PROTOTYPES = YES;
				CLANG_WARN_SUSPICIOUS_MOVE = YES;
				CLANG_WARN_UNGUARDED_AVAILABILITY = YES_AGGRESSIVE;
				CLANG_WARN_UNREACHABLE_CODE = YES;
				CLANG_WARN__DUPLICATE_METHOD_MATCH = YES;
				CODE_SIGN_IDENTITY = "iPhone Developer";
				COPY_PHASE_STRIP = NO;
				DEBUG_INFORMATION_FORMAT = "dwarf-with-dsym";
				ENABLE_NS_ASSERTIONS = NO;
				ENABLE_STRICT_OBJC_MSGSEND = YES;
				GCC_C_LANGUAGE_STANDARD = gnu11;
				GCC_NO_COMMON_BLOCKS = YES;
				GCC_WARN_64_TO_32_BIT_CONVERSION = YES;
				GCC_WARN_ABOUT_RETURN_TYPE = YES_ERROR;
				GCC_WARN_UNDECLARED_SELECTOR = YES;
				GCC_WARN_UNINITIALIZED_AUTOS = YES_AGGRESSIVE;
				GCC_WARN_UNUSED_FUNCTION = YES;
				GCC_WARN_UNUSED_VARIABLE = YES;
				IPHONEOS_DEPLOYMENT_TARGET = 11.3;
				MTL_ENABLE_DEBUG_INFO = NO;
				SDKROOT = iphoneos;
				VALIDATE_PRODUCT = YES;
			};
			name = Release;
		};
		3D11E88720BE9672006E61CF /* Debug */ = {
			isa = XCBuildConfiguration;
			buildSettings = {
				ASSETCATALOG_COMPILER_APPICON_NAME = AppIcon;
				CODE_SIGN_STYLE = Automatic;
				DEVELOPMENT_TEAM = T9ZZTTU3D3;
				INFOPLIST_FILE = UIStackView/Info.plist;
				LD_RUNPATH_SEARCH_PATHS = (
					"$(inherited)",
					"@executable_path/Frameworks",
				);
				PRODUCT_BUNDLE_IDENTIFIER = zhujia.UIStackView;
				PRODUCT_NAME = "$(TARGET_NAME)";
				TARGETED_DEVICE_FAMILY = "1,2";
			};
			name = Debug;
		};
		3D11E88820BE9672006E61CF /* Release */ = {
			isa = XCBuildConfiguration;
			buildSettings = {
				ASSETCATALOG_COMPILER_APPICON_NAME = AppIcon;
				CODE_SIGN_STYLE = Automatic;
				DEVELOPMENT_TEAM = T9ZZTTU3D3;
				INFOPLIST_FILE = UIStackView/Info.plist;
				LD_RUNPATH_SEARCH_PATHS = (
					"$(inherited)",
					"@executable_path/Frameworks",
				);
				PRODUCT_BUNDLE_IDENTIFIER = zhujia.UIStackView;
				PRODUCT_NAME = "$(TARGET_NAME)";
				TARGETED_DEVICE_FAMILY = "1,2";
			};
			name = Release;
		};
		3D11E88A20BE9672006E61CF /* Debug */ = {
			isa = XCBuildConfiguration;
			buildSettings = {
				BUNDLE_LOADER = "$(TEST_HOST)";
				CODE_SIGN_STYLE = Automatic;
				DEVELOPMENT_TEAM = T9ZZTTU3D3;
				INFOPLIST_FILE = UIStackViewTests/Info.plist;
				LD_RUNPATH_SEARCH_PATHS = (
					"$(inherited)",
					"@executable_path/Frameworks",
					"@loader_path/Frameworks",
				);
				PRODUCT_BUNDLE_IDENTIFIER = zhujia.UIStackViewTests;
				PRODUCT_NAME = "$(TARGET_NAME)";
				TARGETED_DEVICE_FAMILY = "1,2";
				TEST_HOST = "$(BUILT_PRODUCTS_DIR)/UIStackView.app/UIStackView";
			};
			name = Debug;
		};
		3D11E88B20BE9672006E61CF /* Release */ = {
			isa = XCBuildConfiguration;
			buildSettings = {
				BUNDLE_LOADER = "$(TEST_HOST)";
				CODE_SIGN_STYLE = Automatic;
				DEVELOPMENT_TEAM = T9ZZTTU3D3;
				INFOPLIST_FILE = UIStackViewTests/Info.plist;
				LD_RUNPATH_SEARCH_PATHS = (
					"$(inherited)",
					"@executable_path/Frameworks",
					"@loader_path/Frameworks",
				);
				PRODUCT_BUNDLE_IDENTIFIER = zhujia.UIStackViewTests;
				PRODUCT_NAME = "$(TARGET_NAME)";
				TARGETED_DEVICE_FAMILY = "1,2";
				TEST_HOST = "$(BUILT_PRODUCTS_DIR)/UIStackView.app/UIStackView";
			};
			name = Release;
		};
		3D11E88D20BE9672006E61CF /* Debug */ = {
			isa = XCBuildConfiguration;
			buildSettings = {
				CODE_SIGN_STYLE = Automatic;
				DEVELOPMENT_TEAM = T9ZZTTU3D3;
				INFOPLIST_FILE = UIStackViewUITests/Info.plist;
				LD_RUNPATH_SEARCH_PATHS = (
					"$(inherited)",
					"@executable_path/Frameworks",
					"@loader_path/Frameworks",
				);
				PRODUCT_BUNDLE_IDENTIFIER = zhujia.UIStackViewUITests;
				PRODUCT_NAME = "$(TARGET_NAME)";
				TARGETED_DEVICE_FAMILY = "1,2";
				TEST_TARGET_NAME = UIStackView;
			};
			name = Debug;
		};
		3D11E88E20BE9672006E61CF /* Release */ = {
			isa = XCBuildConfiguration;
			buildSettings = {
				CODE_SIGN_STYLE = Automatic;
				DEVELOPMENT_TEAM = T9ZZTTU3D3;
				INFOPLIST_FILE = UIStackViewUITests/Info.plist;
				LD_RUNPATH_SEARCH_PATHS = (
					"$(inherited)",
					"@executable_path/Frameworks",
					"@loader_path/Frameworks",
				);
				PRODUCT_BUNDLE_IDENTIFIER = zhujia.UIStackViewUITests;
				PRODUCT_NAME = "$(TARGET_NAME)";
				TARGETED_DEVICE_FAMILY = "1,2";
				TEST_TARGET_NAME = UIStackView;
			};
			name = Release;
		};
/* End XCBuildConfiguration section */

/* Begin XCConfigurationList section */
		3D11E85520BE966F006E61CF /* Build configuration list for PBXProject "UIStackView" */ = {
			isa = XCConfigurationList;
			buildConfigurations = (
				3D11E88420BE9672006E61CF /* Debug */,
				3D11E88520BE9672006E61CF /* Release */,
			);
			defaultConfigurationIsVisible = 0;
			defaultConfigurationName = Release;
		};
		3D11E88620BE9672006E61CF /* Build configuration list for PBXNativeTarget "UIStackView" */ = {
			isa = XCConfigurationList;
			buildConfigurations = (
				3D11E88720BE9672006E61CF /* Debug */,
				3D11E88820BE9672006E61CF /* Release */,
			);
			defaultConfigurationIsVisible = 0;
			defaultConfigurationName = Release;
		};
		3D11E88920BE9672006E61CF /* Build configuration list for PBXNativeTarget "UIStackViewTests" */ = {
			isa = XCConfigurationList;
			buildConfigurations = (
				3D11E88A20BE9672006E61CF /* Debug */,
				3D11E88B20BE9672006E61CF /* Release */,
			);
			defaultConfigurationIsVisible = 0;
			defaultConfigurationName = Release;
		};
		3D11E88C20BE9672006E61CF /* Build configuration list for PBXNativeTarget "UIStackViewUITests" */ = {
			isa = XCConfigurationList;
			buildConfigurations = (
				3D11E88D20BE9672006E61CF /* Debug */,
				3D11E88E20BE9672006E61CF /* Release */,
			);
			defaultConfigurationIsVisible = 0;
			defaultConfigurationName = Release;
		};
/* End XCConfigurationList section */
	};
	rootObject = 3D11E85220BE966F006E61CF /* Project object */;
}
